
Microsoft Visual Studio Solution File, Format Version 12.00
# Visual Studio Version 17
VisualStudioVersion = 17.9.34728.123
MinimumVisualStudioVersion = 10.0.40219.1
Project("{8BC9CEB8-8B4A-11D0-8D11-00A0C91BC942}") = "AFJ_Seminarski", "AFJ_Seminarski.vcxproj", "{27A58288-A1EC-434B-9F35-72899B5FFA70}"
EndProject
Global
	GlobalSection(SolutionConfigurationPlatforms) = preSolution
		Debug|x64 = Debug|x64
		Debug|x86 = Debug|x86
		Release|x64 = Release|x64
		Release|x86 = Release|x86
	EndGlobalSection
	GlobalSection(ProjectConfigurationPlatforms) = postSolution
		{27A58288-A1EC-434B-9F35-72899B5FFA70}.Debug|x64.ActiveCfg = Debug|x64
		{27A58288-A1EC-434B-9F35-72899B5FFA70}.Debug|x64.Build.0 = Debug|x64
		{27A58288-A1EC-434B-9F35-72899B5FFA70}.Debug|x86.ActiveCfg = Debug|Win32
		{27A58288-A1EC-434B-9F35-72899B5FFA70}.Debug|x86.Build.0 = Debug|Win32
		{27A58288-A1EC-434B-9F35-72899B5FFA70}.Release|x64.ActiveCfg = Release|x64
		{27A58288-A1EC-434B-9F35-72899B5FFA70}.Release|x64.Build.0 = Release|x64
		{27A58288-A1EC-434B-9F35-72899B5FFA70}.Release|x86.ActiveCfg = Release|Win32
		{27A58288-A1EC-434B-9F35-72899B5FFA70}.Release|x86.Build.0 = Release|Win32
	EndGlobalSection
	GlobalSection(SolutionProperties) = preSolution
		HideSolutionNode = FALSE
	EndGlobalSection
	GlobalSection(ExtensibilityGlobals) = postSolution
		SolutionGuid = {01A7EFFC-3DD8-494A-ACB8-55BF867D8AE0}
	EndGlobalSection
EndGlobal
