<?xml version="1.0" encoding="utf-8"?>
<Project ToolsVersion="4.0" xmlns="http://schemas.microsoft.com/developer/msbuild/2003">
  <ItemGroup>
    <Filter Include="Source Files">
      <UniqueIdentifier>{4FC737F1-C7A5-4376-A066-2A32D752A2FF}</UniqueIdentifier>
      <Extensions>cpp;c;cc;cxx;c++;cppm;ixx;def;odl;idl;hpj;bat;asm;asmx</Extensions>
    </Filter>
    <Filter Include="Header Files">
      <UniqueIdentifier>{93995380-89BD-4b04-88EB-625FBE52EBFB}</UniqueIdentifier>
      <Extensions>h;hh;hpp;hxx;h++;hm;inl;inc;ipp;xsd</Extensions>
    </Filter>
    <Filter Include="Resource Files">
      <UniqueIdentifier>{67DA6AB6-F800-4c08-8B7A-83BB121AAD01}</UniqueIdentifier>
      <Extensions>rc;ico;cur;bmp;dlg;rc2;rct;bin;rgs;gif;jpg;jpeg;jpe;resx;tiff;tif;png;wav;mfcribbon-ms</Extensions>
    </Filter>
  </ItemGroup>
  <ItemGroup>
    <ClCompile Include="AFJ_Seminarski.cpp">
      <Filter>Source Files</Filter>
    </ClCompile>
    <ClCompile Include="SemaforStanje.cpp">
      <Filter>Source Files</Filter>
    </ClCompile>
    <ClCompile Include="PrijelazStanja.cpp">
      <Filter>Source Files</Filter>
    </ClCompile>
    <ClCompile Include="Semafor.cpp">
      <Filter>Source Files</Filter>
    </ClCompile>
    <ClCompile Include="PjesackiSemafor.cpp">
      <Filter>Source Files</Filter>
    </ClCompile>
    <ClCompile Include="Raskrsnica.cpp">
      <Filter>Source Files</Filter>
    </ClCompile>
    <ClCompile Include="Funkcije.cpp">
      <Filter>Source Files</Filter>
    </ClCompile>
  </ItemGroup>
  <ItemGroup>
    <ClInclude Include="SemaforStanje.h">
      <Filter>Header Files</Filter>
    </ClInclude>
    <ClInclude Include="PrijelazStanja.h">
      <Filter>Header Files</Filter>
    </ClInclude>
    <ClInclude Include="Semafor.h">
      <Filter>Header Files</Filter>
    </ClInclude>
    <ClInclude Include="PjesackiSemafor.h">
      <Filter>Header Files</Filter>
    </ClInclude>
    <ClInclude Include="Raskrsnica.h">
      <Filter>Header Files</Filter>
    </ClInclude>
    <ClInclude Include="Stanje.h">
      <Filter>Header Files</Filter>
    </ClInclude>
    <ClInclude Include="Konstante.h">
      <Filter>Header Files</Filter>
    </ClInclude>
  </ItemGroup>
  <ItemGroup>
    <Text Include="stanja.txt" />
    <Text Include="prijelazi.txt" />
    <Text Include="stanja_pjesacki.txt" />
    <Text Include="prijelazi_pjesacki.txt" />
    <Text Include="raskrsnica_sinhronizacija.txt" />
  </ItemGroup>
</Project>